// !$*UTF8*$!
{
	archiveVersion = 1;
	classes = {
	};
	objectVersion = 46;
	objects = {

/* Begin PBXBuildFile section */
		651441A51F4204690035192F /* Utility.swift in Sources */ = {isa = PBXBuildFile; fileRef = 651441A41F4204690035192F /* Utility.swift */; };
		651441A71F4228890035192F /* Constants.swift in Sources */ = {isa = PBXBuildFile; fileRef = 651441A61F4228890035192F /* Constants.swift */; };
		65FFF91C1F3E036D008EA6BA /* AppDelegate.swift in Sources */ = {isa = PBXBuildFile; fileRef = 65FFF91B1F3E036D008EA6BA /* AppDelegate.swift */; };
		65FFF91E1F3E036D008EA6BA /* ViewController.swift in Sources */ = {isa = PBXBuildFile; fileRef = 65FFF91D1F3E036D008EA6BA /* ViewController.swift */; };
		65FFF9211F3E036D008EA6BA /* Main.storyboard in Resources */ = {isa = PBXBuildFile; fileRef = 65FFF91F1F3E036D008EA6BA /* Main.storyboard */; };
		65FFF9231F3E036D008EA6BA /* Assets.xcassets in Resources */ = {isa = PBXBuildFile; fileRef = 65FFF9221F3E036D008EA6BA /* Assets.xcassets */; };
		65FFF9261F3E036D008EA6BA /* LaunchScreen.storyboard in Resources */ = {isa = PBXBuildFile; fileRef = 65FFF9241F3E036D008EA6BA /* LaunchScreen.storyboard */; };
		65FFF9301F3E03E4008EA6BA /* Keyboard.swift in Sources */ = {isa = PBXBuildFile; fileRef = 65FFF92F1F3E03E4008EA6BA /* Keyboard.swift */; };
		65FFF9341F3E1371008EA6BA /* Letters.xib in Resources */ = {isa = PBXBuildFile; fileRef = 65FFF9331F3E1371008EA6BA /* Letters.xib */; };
		65FFF9361F3E14E7008EA6BA /* Numbers.xib in Resources */ = {isa = PBXBuildFile; fileRef = 65FFF9351F3E14E7008EA6BA /* Numbers.xib */; };
		65FFF9581F410518008EA6BA /* Keyboard.xib in Resources */ = {isa = PBXBuildFile; fileRef = 65FFF9571F410518008EA6BA /* Keyboard.xib */; };
/* End PBXBuildFile section */

/* Begin PBXFileReference section */
		651441A41F4204690035192F /* Utility.swift */ = {isa = PBXFileReference; fileEncoding = 4; lastKnownFileType = sourcecode.swift; path = Utility.swift; sourceTree = "<group>"; };
		651441A61F4228890035192F /* Constants.swift */ = {isa = PBXFileReference; fileEncoding = 4; lastKnownFileType = sourcecode.swift; path = Constants.swift; sourceTree = "<group>"; };
		65FFF9181F3E036D008EA6BA /* CustomInputView_test1.app */ = {isa = PBXFileReference; explicitFileType = wrapper.application; includeInIndex = 0; path = CustomInputView_test1.app; sourceTree = BUILT_PRODUCTS_DIR; };
		65FFF91B1F3E036D008EA6BA /* AppDelegate.swift */ = {isa = PBXFileReference; lastKnownFileType = sourcecode.swift; path = AppDelegate.swift; sourceTree = "<group>"; };
		65FFF91D1F3E036D008EA6BA /* ViewController.swift */ = {isa = PBXFileReference; lastKnownFileType = sourcecode.swift; path = ViewController.swift; sourceTree = "<group>"; };
		65FFF9201F3E036D008EA6BA /* Base */ = {isa = PBXFileReference; lastKnownFileType = file.storyboard; name = Base; path = Base.lproj/Main.storyboard; sourceTree = "<group>"; };
		65FFF9221F3E036D008EA6BA /* Assets.xcassets */ = {isa = PBXFileReference; lastKnownFileType = folder.assetcatalog; path = Assets.xcassets; sourceTree = "<group>"; };
		65FFF9251F3E036D008EA6BA /* Base */ = {isa = PBXFileReference; lastKnownFileType = file.storyboard; name = Base; path = Base.lproj/LaunchScreen.storyboard; sourceTree = "<group>"; };
		65FFF9271F3E036D008EA6BA /* Info.plist */ = {isa = PBXFileReference; lastKnownFileType = text.plist.xml; path = Info.plist; sourceTree = "<group>"; };
		65FFF92F1F3E03E4008EA6BA /* Keyboard.swift */ = {isa = PBXFileReference; fileEncoding = 4; lastKnownFileType = sourcecode.swift; path = Keyboard.swift; sourceTree = "<group>"; };
		65FFF9331F3E1371008EA6BA /* Letters.xib */ = {isa = PBXFileReference; fileEncoding = 4; lastKnownFileType = file.xib; name = Letters.xib; path = ../Letters.xib; sourceTree = "<group>"; };
		65FFF9351F3E14E7008EA6BA /* Numbers.xib */ = {isa = PBXFileReference; fileEncoding = 4; lastKnownFileType = file.xib; path = Numbers.xib; sourceTree = "<group>"; };
		65FFF9571F410518008EA6BA /* Keyboard.xib */ = {isa = PBXFileReference; fileEncoding = 4; lastKnownFileType = file.xib; name = Keyboard.xib; path = ../Keyboard.xib; sourceTree = "<group>"; };
/* End PBXFileReference section */

/* Begin PBXFrameworksBuildPhase section */
		65FFF9151F3E036D008EA6BA /* Frameworks */ = {
			isa = PBXFrameworksBuildPhase;
			buildActionMask = 2147483647;
			files = (
			);
			runOnlyForDeploymentPostprocessing = 0;
		};
/* End PBXFrameworksBuildPhase section */

/* Begin PBXGroup section */
		65FFF90F1F3E036D008EA6BA = {
			isa = PBXGroup;
			children = (
				65FFF91A1F3E036D008EA6BA /* CustomInputView_test1 */,
				65FFF9191F3E036D008EA6BA /* Products */,
			);
			sourceTree = "<group>";
		};
		65FFF9191F3E036D008EA6BA /* Products */ = {
			isa = PBXGroup;
			children = (
				65FFF9181F3E036D008EA6BA /* CustomInputView_test1.app */,
			);
			name = Products;
			sourceTree = "<group>";
		};
		65FFF91A1F3E036D008EA6BA /* CustomInputView_test1 */ = {
			isa = PBXGroup;
			children = (
				65FFF91B1F3E036D008EA6BA /* AppDelegate.swift */,
				65FFF91D1F3E036D008EA6BA /* ViewController.swift */,
				65FFF91F1F3E036D008EA6BA /* Main.storyboard */,
				65FFF9571F410518008EA6BA /* Keyboard.xib */,
				65FFF9331F3E1371008EA6BA /* Letters.xib */,
				65FFF9351F3E14E7008EA6BA /* Numbers.xib */,
				65FFF92F1F3E03E4008EA6BA /* Keyboard.swift */,
				651441A41F4204690035192F /* Utility.swift */,
				65FFF9221F3E036D008EA6BA /* Assets.xcassets */,
				65FFF9241F3E036D008EA6BA /* LaunchScreen.storyboard */,
				65FFF9271F3E036D008EA6BA /* Info.plist */,
				651441A61F4228890035192F /* Constants.swift */,
			);
			path = CustomInputView_test1;
			sourceTree = "<group>";
		};
/* End PBXGroup section */

/* Begin PBXNativeTarget section */
		65FFF9171F3E036D008EA6BA /* CustomInputView_test1 */ = {
			isa = PBXNativeTarget;
			buildConfigurationList = 65FFF92A1F3E036D008EA6BA /* Build configuration list for PBXNativeTarget "CustomInputView_test1" */;
			buildPhases = (
				65FFF9141F3E036D008EA6BA /* Sources */,
				65FFF9151F3E036D008EA6BA /* Frameworks */,
				65FFF9161F3E036D008EA6BA /* Resources */,
			);
			buildRules = (
			);
			dependencies = (
			);
			name = CustomInputView_test1;
			productName = CustomInputView_test1;
			productReference = 65FFF9181F3E036D008EA6BA /* CustomInputView_test1.app */;
			productType = "com.apple.product-type.application";
		};
/* End PBXNativeTarget section */

/* Begin PBXProject section */
		65FFF9101F3E036D008EA6BA /* Project object */ = {
			isa = PBXProject;
			attributes = {
				LastSwiftUpdateCheck = 0830;
				LastUpgradeCheck = 0830;
				ORGANIZATIONNAME = "Pattur Mohankumar, Vijay Prasath";
				TargetAttributes = {
					65FFF9171F3E036D008EA6BA = {
						CreatedOnToolsVersion = 8.3.3;
						ProvisioningStyle = Automatic;
					};
				};
			};
			buildConfigurationList = 65FFF9131F3E036D008EA6BA /* Build configuration list for PBXProject "CustomInputView_test1" */;
			compatibilityVersion = "Xcode 3.2";
			developmentRegion = English;
			hasScannedForEncodings = 0;
			knownRegions = (
				en,
				Base,
			);
			mainGroup = 65FFF90F1F3E036D008EA6BA;
			productRefGroup = 65FFF9191F3E036D008EA6BA /* Products */;
			projectDirPath = "";
			projectRoot = "";
			targets = (
				65FFF9171F3E036D008EA6BA /* CustomInputView_test1 */,
			);
		};
/* End PBXProject section */

/* Begin PBXResourcesBuildPhase section */
		65FFF9161F3E036D008EA6BA /* Resources */ = {
			isa = PBXResourcesBuildPhase;
			buildActionMask = 2147483647;
			files = (
				65FFF9581F410518008EA6BA /* Keyboard.xib in Resources */,
				65FFF9341F3E1371008EA6BA /* Letters.xib in Resources */,
				65FFF9261F3E036D008EA6BA /* LaunchScreen.storyboard in Resources */,
				65FFF9361F3E14E7008EA6BA /* Numbers.xib in Resources */,
				65FFF9231F3E036D008EA6BA /* Assets.xcassets in Resources */,
				65FFF9211F3E036D008EA6BA /* Main.storyboard in Resources */,
			);
			runOnlyForDeploymentPostprocessing = 0;
		};
/* End PBXResourcesBuildPhase section */

/* Begin PBXSourcesBuildPhase section */
		65FFF9141F3E036D008EA6BA /* Sources */ = {
			isa = PBXSourcesBuildPhase;
			buildActionMask = 2147483647;
			files = (
				651441A71F4228890035192F /* Constants.swift in Sources */,
				651441A51F4204690035192F /* Utility.swift in Sources */,
				65FFF91E1F3E036D008EA6BA /* ViewController.swift in Sources */,
				65FFF9301F3E03E4008EA6BA /* Keyboard.swift in Sources */,
				65FFF91C1F3E036D008EA6BA /* AppDelegate.swift in Sources */,
			);
			runOnlyForDeploymentPostprocessing = 0;
		};
/* End PBXSourcesBuildPhase section */

/* Begin PBXVariantGroup section */
		65FFF91F1F3E036D008EA6BA /* Main.storyboard */ = {
			isa = PBXVariantGroup;
			children = (
				65FFF9201F3E036D008EA6BA /* Base */,
			);
			name = Main.storyboard;
			sourceTree = "<group>";
		};
		65FFF9241F3E036D008EA6BA /* LaunchScreen.storyboard */ = {
			isa = PBXVariantGroup;
			children = (
				65FFF9251F3E036D008EA6BA /* Base */,
			);
			name = LaunchScreen.storyboard;
			sourceTree = "<group>";
		};
/* End PBXVariantGroup section */

/* Begin XCBuildConfiguration section */
		65FFF9281F3E036D008EA6BA /* Debug */ = {
			isa = XCBuildConfiguration;
			buildSettings = {
				ALWAYS_SEARCH_USER_PATHS = NO;
				CLANG_ANALYZER_NONNULL = YES;
				CLANG_ANALYZER_NUMBER_OBJECT_CONVERSION = YES_AGGRESSIVE;
				CLANG_CXX_LANGUAGE_STANDARD = "gnu++0x";
				CLANG_CXX_LIBRARY = "libc++";
				CLANG_ENABLE_MODULES = YES;
				CLANG_ENABLE_OBJC_ARC = YES;
				CLANG_WARN_BOOL_CONVERSION = YES;
				CLANG_WARN_CONSTANT_CONVERSION = YES;
				CLANG_WARN_DIRECT_OBJC_ISA_USAGE = YES_ERROR;
				CLANG_WARN_DOCUMENTATION_COMMENTS = YES;
				CLANG_WARN_EMPTY_BODY = YES;
				CLANG_WARN_ENUM_CONVERSION = YES;
				CLANG_WARN_INFINITE_RECURSION = YES;
				CLANG_WARN_INT_CONVERSION = YES;
				CLANG_WARN_OBJC_ROOT_CLASS = YES_ERROR;
				CLANG_WARN_SUSPICIOUS_MOVE = YES;
				CLANG_WARN_UNREACHABLE_CODE = YES;
				CLANG_WARN__DUPLICATE_METHOD_MATCH = YES;
				"CODE_SIGN_IDENTITY[sdk=iphoneos*]" = "iPhone Developer";
				COPY_PHASE_STRIP = NO;
				DEBUG_INFORMATION_FORMAT = dwarf;
				ENABLE_STRICT_OBJC_MSGSEND = YES;
				ENABLE_TESTABILITY = YES;
				GCC_C_LANGUAGE_STANDARD = gnu99;
				GCC_DYNAMIC_NO_PIC = NO;
				GCC_NO_COMMON_BLOCKS = YES;
				GCC_OPTIMIZATION_LEVEL = 0;
				GCC_PREPROCESSOR_DEFINITIONS = (
					"DEBUG=1",
					"$(inherited)",
				);
				GCC_WARN_64_TO_32_BIT_CONVERSION = YES;
				GCC_WARN_ABOUT_RETURN_TYPE = YES_ERROR;
				GCC_WARN_UNDECLARED_SELECTOR = YES;
				GCC_WARN_UNINITIALIZED_AUTOS = YES_AGGRESSIVE;
				GCC_WARN_UNUSED_FUNCTION = YES;
				GCC_WARN_UNUSED_VARIABLE = YES;
				IPHONEOS_DEPLOYMENT_TARGET = 10.3;
				MTL_ENABLE_DEBUG_INFO = YES;
				ONLY_ACTIVE_ARCH = YES;
				SDKROOT = iphoneos;
				SWIFT_ACTIVE_COMPILATION_CONDITIONS = DEBUG;
				SWIFT_OPTIMIZATION_LEVEL = "-Onone";
			};
			name = Debug;
		};
		65FFF9291F3E036D008EA6BA /* Release */ = {
			isa = XCBuildConfiguration;
			buildSettings = {
				ALWAYS_SEARCH_USER_PATHS = NO;
				CLANG_ANALYZER_NONNULL = YES;
				CLANG_ANALYZER_NUMBER_OBJECT_CONVERSION = YES_AGGRESSIVE;
				CLANG_CXX_LANGUAGE_STANDARD = "gnu++0x";
				CLANG_CXX_LIBRARY = "libc++";
				CLANG_ENABLE_MODULES = YES;
				CLANG_ENABLE_OBJC_ARC = YES;
				CLANG_WARN_BOOL_CONVERSION = YES;
				CLANG_WARN_CONSTANT_CONVERSION = YES;
				CLANG_WARN_DIRECT_OBJC_ISA_USAGE = YES_ERROR;
				CLANG_WARN_DOCUMENTATION_COMMENTS = YES;
				CLANG_WARN_EMPTY_BODY = YES;
				CLANG_WARN_ENUM_CONVERSION = YES;
				CLANG_WARN_INFINITE_RECURSION = YES;
				CLANG_WARN_INT_CONVERSION = YES;
				CLANG_WARN_OBJC_ROOT_CLASS = YES_ERROR;
				CLANG_WARN_SUSPICIOUS_MOVE = YES;
				CLANG_WARN_UNREACHABLE_CODE = YES;
				CLANG_WARN__DUPLICATE_METHOD_MATCH = YES;
				"CODE_SIGN_IDENTITY[sdk=iphoneos*]" = "iPhone Developer";
				COPY_PHASE_STRIP = NO;
				DEBUG_INFORMATION_FORMAT = "dwarf-with-dsym";
				ENABLE_NS_ASSERTIONS = NO;
				ENABLE_STRICT_OBJC_MSGSEND = YES;
				GCC_C_LANGUAGE_STANDARD = gnu99;
				GCC_NO_COMMON_BLOCKS = YES;
				GCC_WARN_64_TO_32_BIT_CONVERSION = YES;
				GCC_WARN_ABOUT_RETURN_TYPE = YES_ERROR;
				GCC_WARN_UNDECLARED_SELECTOR = YES;
				GCC_WARN_UNINITIALIZED_AUTOS = YES_AGGRESSIVE;
				GCC_WARN_UNUSED_FUNCTION = YES;
				GCC_WARN_UNUSED_VARIABLE = YES;
				IPHONEOS_DEPLOYMENT_TARGET = 10.3;
				MTL_ENABLE_DEBUG_INFO = NO;
				SDKROOT = iphoneos;
				SWIFT_OPTIMIZATION_LEVEL = "-Owholemodule";
				VALIDATE_PRODUCT = YES;
			};
			name = Release;
		};
		65FFF92B1F3E036D008EA6BA /* Debug */ = {
			isa = XCBuildConfiguration;
			buildSettings = {
				ASSETCATALOG_COMPILER_APPICON_NAME = AppIcon;
				INFOPLIST_FILE = CustomInputView_test1/Info.plist;
				LD_RUNPATH_SEARCH_PATHS = "$(inherited) @executable_path/Frameworks";
				PRODUCT_BUNDLE_IDENTIFIER = "pattur.CustomInputView-test1";
				PRODUCT_NAME = "$(TARGET_NAME)";
				SWIFT_VERSION = 3.0;
			};
			name = Debug;
		};
		65FFF92C1F3E036D008EA6BA /* Release */ = {
			isa = XCBuildConfiguration;
			buildSettings = {
				ASSETCATALOG_COMPILER_APPICON_NAME = AppIcon;
				INFOPLIST_FILE = CustomInputView_test1/Info.plist;
				LD_RUNPATH_SEARCH_PATHS = "$(inherited) @executable_path/Frameworks";
				PRODUCT_BUNDLE_IDENTIFIER = "pattur.CustomInputView-test1";
				PRODUCT_NAME = "$(TARGET_NAME)";
				SWIFT_VERSION = 3.0;
			};
			name = Release;
		};
/* End XCBuildConfiguration section */

/* Begin XCConfigurationList section */
		65FFF9131F3E036D008EA6BA /* Build configuration list for PBXProject "CustomInputView_test1" */ = {
			isa = XCConfigurationList;
			buildConfigurations = (
				65FFF9281F3E036D008EA6BA /* Debug */,
				65FFF9291F3E036D008EA6BA /* Release */,
			);
			defaultConfigurationIsVisible = 0;
			defaultConfigurationName = Release;
		};
		65FFF92A1F3E036D008EA6BA /* Build configuration list for PBXNativeTarget "CustomInputView_test1" */ = {
			isa = XCConfigurationList;
			buildConfigurations = (
				65FFF92B1F3E036D008EA6BA /* Debug */,
				65FFF92C1F3E036D008EA6BA /* Release */,
			);
			defaultConfigurationIsVisible = 0;
			defaultConfigurationName = Release;
		};
/* End XCConfigurationList section */
	};
	rootObject = 65FFF9101F3E036D008EA6BA /* Project object */;
}
